
Microsoft Visual Studio Solution File, Format Version 12.00
# Visual Studio Version 16
VisualStudioVersion = 16.0.31019.35
MinimumVisualStudioVersion = 10.0.40219.1
Project("{FAE04EC0-301F-11D3-BF4B-00C04F79EFBC}") = "RapportModule", "RapportModule\RapportModule.csproj", "{3097CE4B-8EC8-4EC4-9FC1-E1DB4242DEF1}"
EndProject
Global
	GlobalSection(SolutionConfigurationPlatforms) = preSolution
		Debug|Any CPU = Debug|Any CPU
		Release|Any CPU = Release|Any CPU
	EndGlobalSection
	GlobalSection(ProjectConfigurationPlatforms) = postSolution
		{3097CE4B-8EC8-4EC4-9FC1-E1DB4242DEF1}.Debug|Any CPU.ActiveCfg = Debug|Any CPU
		{3097CE4B-8EC8-4EC4-9FC1-E1DB4242DEF1}.Debug|Any CPU.Build.0 = Debug|Any CPU
		{3097CE4B-8EC8-4EC4-9FC1-E1DB4242DEF1}.Release|Any CPU.ActiveCfg = Release|Any CPU
		{3097CE4B-8EC8-4EC4-9FC1-E1DB4242DEF1}.Release|Any CPU.Build.0 = Release|Any CPU
	EndGlobalSection
	GlobalSection(SolutionProperties) = preSolution
		HideSolutionNode = FALSE
	EndGlobalSection
	GlobalSection(ExtensibilityGlobals) = postSolution
		SolutionGuid = {D0955987-1901-444C-99E9-8012D69C7A2D}
	EndGlobalSection
EndGlobal
